
Microsoft Visual Studio Solution File, Format Version 12.00
# Visual Studio Version 17
VisualStudioVersion = 17.4.33403.182
MinimumVisualStudioVersion = 10.0.40219.1
Project("{9A19103F-16F7-4668-BE54-9A1E7A4F7556}") = "MyRepo", "MyRepo\MyRepo.csproj", "{974A34B0-9A95-4E42-8BA2-1ADB2775EA28}"
EndProject
Global
	GlobalSection(SolutionConfigurationPlatforms) = preSolution
		Debug|Any CPU = Debug|Any CPU
		Debug|x86 = Debug|x86
		Release|Any CPU = Release|Any CPU
		Release|x86 = Release|x86
	EndGlobalSection
	GlobalSection(ProjectConfigurationPlatforms) = postSolution
		{974A34B0-9A95-4E42-8BA2-1ADB2775EA28}.Debug|Any CPU.ActiveCfg = Debug|Any CPU
		{974A34B0-9A95-4E42-8BA2-1ADB2775EA28}.Debug|Any CPU.Build.0 = Debug|Any CPU
		{974A34B0-9A95-4E42-8BA2-1ADB2775EA28}.Debug|x86.ActiveCfg = Debug|Any CPU
		{974A34B0-9A95-4E42-8BA2-1ADB2775EA28}.Debug|x86.Build.0 = Debug|Any CPU
		{974A34B0-9A95-4E42-8BA2-1ADB2775EA28}.Release|Any CPU.ActiveCfg = Release|Any CPU
		{974A34B0-9A95-4E42-8BA2-1ADB2775EA28}.Release|Any CPU.Build.0 = Release|Any CPU
		{974A34B0-9A95-4E42-8BA2-1ADB2775EA28}.Release|x86.ActiveCfg = Release|x86
		{974A34B0-9A95-4E42-8BA2-1ADB2775EA28}.Release|x86.Build.0 = Release|x86
	EndGlobalSection
	GlobalSection(SolutionProperties) = preSolution
		HideSolutionNode = FALSE
	EndGlobalSection
	GlobalSection(ExtensibilityGlobals) = postSolution
		SolutionGuid = {97EEDB15-C1A0-4528-BF9A-220924A0915A}
	EndGlobalSection
EndGlobal
